<?xml version="1.0" encoding="utf-8"?>
<Project ToolsVersion="4.0" xmlns="http://schemas.microsoft.com/developer/msbuild/2003">
  <ItemGroup>
    <Filter Include="Source Files">
      <UniqueIdentifier>{4FC737F1-C7A5-4376-A066-2A32D752A2FF}</UniqueIdentifier>
      <Extensions>cpp;c;cc;cxx;c++;cppm;ixx;def;odl;idl;hpj;bat;asm;asmx</Extensions>
    </Filter>
    <Filter Include="Header Files">
      <UniqueIdentifier>{93995380-89BD-4b04-88EB-625FBE52EBFB}</UniqueIdentifier>
      <Extensions>h;hh;hpp;hxx;h++;hm;inl;inc;ipp;xsd</Extensions>
    </Filter>
    <Filter Include="minhook">
      <UniqueIdentifier>{5f9172f6-3ccb-4575-8855-b880ff327b0a}</UniqueIdentifier>
    </Filter>
    <Filter Include="SDK">
      <UniqueIdentifier>{412fd1ae-44f2-4039-a51f-c5811d6c3577}</UniqueIdentifier>
    </Filter>
    <Filter Include="SDK\Source">
      <UniqueIdentifier>{1d850290-81d5-448c-9a9f-513758d9ad5c}</UniqueIdentifier>
    </Filter>
  </ItemGroup>
  <ItemGroup>
    <ClCompile Include="dllmain.cpp">
      <Filter>Source Files</Filter>
    </ClCompile>
    <ClCompile Include="SDK\SDK\FN_Basic.cpp">
      <Filter>SDK\Source</Filter>
    </ClCompile>
    <ClCompile Include="SDK\SDK\FN_FortniteGame_functions.cpp">
      <Filter>SDK\Source</Filter>
    </ClCompile>
    <ClCompile Include="SDK\SDK\FN_Engine_functions.cpp">
      <Filter>SDK\Source</Filter>
    </ClCompile>
    <ClCompile Include="SDK\SDK\FN_CoreUObject_functions.cpp">
      <Filter>SDK\Source</Filter>
    </ClCompile>
    <ClCompile Include="SDK\SDK\FN_GameplayAbilities_functions.cpp">
      <Filter>SDK\Source</Filter>
    </ClCompile>
  </ItemGroup>
  <ItemGroup>
    <ClInclude Include="minhook\minhook.h">
      <Filter>minhook</Filter>
    </ClInclude>
    <ClInclude Include="Base.h">
      <Filter>Header Files</Filter>
    </ClInclude>
    <ClInclude Include="Globals.h">
      <Filter>Header Files</Filter>
    </ClInclude>
    <ClInclude Include="Utils.h">
      <Filter>Header Files</Filter>
    </ClInclude>
    <ClInclude Include="SDK\SDK.hpp">
      <Filter>SDK\Source</Filter>
    </ClInclude>
    <ClInclude Include="UE4.h">
      <Filter>Header Files</Filter>
    </ClInclude>
    <ClInclude Include="Abilities.h">
      <Filter>Header Files</Filter>
    </ClInclude>
  </ItemGroup>
  <ItemGroup>
    <Library Include="minhook\minhook.lib">
      <Filter>minhook</Filter>
    </Library>
  </ItemGroup>
</Project>